
Microsoft Visual Studio Solution File, Format Version 12.00
# Visual Studio Version 17
VisualStudioVersion = 17.9.34728.123
MinimumVisualStudioVersion = 10.0.40219.1
Project("{8BC9CEB8-8B4A-11D0-8D11-00A0C91BC942}") = "for", "for.vcxproj", "{19C720DB-024A-4AFC-9766-4CA053B4AD31}"
EndProject
Global
	GlobalSection(SolutionConfigurationPlatforms) = preSolution
		Debug|x64 = Debug|x64
		Debug|x86 = Debug|x86
		Release|x64 = Release|x64
		Release|x86 = Release|x86
	EndGlobalSection
	GlobalSection(ProjectConfigurationPlatforms) = postSolution
		{19C720DB-024A-4AFC-9766-4CA053B4AD31}.Debug|x64.ActiveCfg = Debug|x64
		{19C720DB-024A-4AFC-9766-4CA053B4AD31}.Debug|x64.Build.0 = Debug|x64
		{19C720DB-024A-4AFC-9766-4CA053B4AD31}.Debug|x86.ActiveCfg = Debug|Win32
		{19C720DB-024A-4AFC-9766-4CA053B4AD31}.Debug|x86.Build.0 = Debug|Win32
		{19C720DB-024A-4AFC-9766-4CA053B4AD31}.Release|x64.ActiveCfg = Release|x64
		{19C720DB-024A-4AFC-9766-4CA053B4AD31}.Release|x64.Build.0 = Release|x64
		{19C720DB-024A-4AFC-9766-4CA053B4AD31}.Release|x86.ActiveCfg = Release|Win32
		{19C720DB-024A-4AFC-9766-4CA053B4AD31}.Release|x86.Build.0 = Release|Win32
	EndGlobalSection
	GlobalSection(SolutionProperties) = preSolution
		HideSolutionNode = FALSE
	EndGlobalSection
	GlobalSection(ExtensibilityGlobals) = postSolution
		SolutionGuid = {29D0B1D3-E55C-4342-B625-01E02888934C}
	EndGlobalSection
EndGlobal
